
Microsoft Visual Studio Solution File, Format Version 12.00
# Visual Studio Version 17
VisualStudioVersion = 17.11.35208.52
MinimumVisualStudioVersion = 10.0.40219.1
Project("{FAE04EC0-301F-11D3-BF4B-00C04F79EFBC}") = "Apples", "Apples\Apples.csproj", "{6A1B8265-7284-4155-96A9-F9441E495DBB}"
EndProject
Global
	GlobalSection(SolutionConfigurationPlatforms) = preSolution
		Debug|Any CPU = Debug|Any CPU
		Release|Any CPU = Release|Any CPU
	EndGlobalSection
	GlobalSection(ProjectConfigurationPlatforms) = postSolution
		{6A1B8265-7284-4155-96A9-F9441E495DBB}.Debug|Any CPU.ActiveCfg = Debug|Any CPU
		{6A1B8265-7284-4155-96A9-F9441E495DBB}.Debug|Any CPU.Build.0 = Debug|Any CPU
		{6A1B8265-7284-4155-96A9-F9441E495DBB}.Release|Any CPU.ActiveCfg = Release|Any CPU
		{6A1B8265-7284-4155-96A9-F9441E495DBB}.Release|Any CPU.Build.0 = Release|Any CPU
	EndGlobalSection
	GlobalSection(SolutionProperties) = preSolution
		HideSolutionNode = FALSE
	EndGlobalSection
	GlobalSection(ExtensibilityGlobals) = postSolution
		SolutionGuid = {68CC8825-6FE3-4B20-A734-CB2F5BF94C5D}
	EndGlobalSection
EndGlobal
